// !$*UTF8*$!
{
	archiveVersion = 1;
	classes = {
	};
	objectVersion = 50;
	objects = {

/* Begin PBXBuildFile section */
		9BCB70DD23749C1A002FFB51 /* AppDelegate.swift in Sources */ = {isa = PBXBuildFile; fileRef = 9BCB70DC23749C1A002FFB51 /* AppDelegate.swift */; };
		9BCB70DF23749C1A002FFB51 /* SceneDelegate.swift in Sources */ = {isa = PBXBuildFile; fileRef = 9BCB70DE23749C1A002FFB51 /* SceneDelegate.swift */; };
		9BCB70E423749C1A002FFB51 /* Main.storyboard in Resources */ = {isa = PBXBuildFile; fileRef = 9BCB70E223749C1A002FFB51 /* Main.storyboard */; };
		9BCB70E623749C1B002FFB51 /* Assets.xcassets in Resources */ = {isa = PBXBuildFile; fileRef = 9BCB70E523749C1B002FFB51 /* Assets.xcassets */; };
		9BCB70E923749C1B002FFB51 /* LaunchScreen.storyboard in Resources */ = {isa = PBXBuildFile; fileRef = 9BCB70E723749C1B002FFB51 /* LaunchScreen.storyboard */; };
		9BCB70F12374A17F002FFB51 /* ViewController.swift in Sources */ = {isa = PBXBuildFile; fileRef = 9BCB70F02374A17F002FFB51 /* ViewController.swift */; };
/* End PBXBuildFile section */

/* Begin PBXFileReference section */
		9BCB70D923749C1A002FFB51 /* Harmanpreet_C0765590_Note_p1.app */ = {isa = PBXFileReference; explicitFileType = wrapper.application; includeInIndex = 0; path = Harmanpreet_C0765590_Note_p1.app; sourceTree = BUILT_PRODUCTS_DIR; };
		9BCB70DC23749C1A002FFB51 /* AppDelegate.swift */ = {isa = PBXFileReference; lastKnownFileType = sourcecode.swift; path = AppDelegate.swift; sourceTree = "<group>"; };
		9BCB70DE23749C1A002FFB51 /* SceneDelegate.swift */ = {isa = PBXFileReference; lastKnownFileType = sourcecode.swift; path = SceneDelegate.swift; sourceTree = "<group>"; };
		9BCB70E323749C1A002FFB51 /* Base */ = {isa = PBXFileReference; lastKnownFileType = file.storyboard; name = Base; path = Base.lproj/Main.storyboard; sourceTree = "<group>"; };
		9BCB70E523749C1B002FFB51 /* Assets.xcassets */ = {isa = PBXFileReference; lastKnownFileType = folder.assetcatalog; path = Assets.xcassets; sourceTree = "<group>"; };
		9BCB70E823749C1B002FFB51 /* Base */ = {isa = PBXFileReference; lastKnownFileType = file.storyboard; name = Base; path = Base.lproj/LaunchScreen.storyboard; sourceTree = "<group>"; };
		9BCB70EA23749C1B002FFB51 /* Info.plist */ = {isa = PBXFileReference; lastKnownFileType = text.plist.xml; path = Info.plist; sourceTree = "<group>"; };
		9BCB70F02374A17F002FFB51 /* ViewController.swift */ = {isa = PBXFileReference; lastKnownFileType = sourcecode.swift; path = ViewController.swift; sourceTree = "<group>"; };
/* End PBXFileReference section */

/* Begin PBXFrameworksBuildPhase section */
		9BCB70D623749C1A002FFB51 /* Frameworks */ = {
			isa = PBXFrameworksBuildPhase;
			buildActionMask = 2147483647;
			files = (
			);
			runOnlyForDeploymentPostprocessing = 0;
		};
/* End PBXFrameworksBuildPhase section */

/* Begin PBXGroup section */
		9BCB70D023749C1A002FFB51 = {
			isa = PBXGroup;
			children = (
				9BCB70DB23749C1A002FFB51 /* Harmanpreet_C0765590_Note_p1 */,
				9BCB70DA23749C1A002FFB51 /* Products */,
			);
			sourceTree = "<group>";
		};
		9BCB70DA23749C1A002FFB51 /* Products */ = {
			isa = PBXGroup;
			children = (
				9BCB70D923749C1A002FFB51 /* Harmanpreet_C0765590_Note_p1.app */,
			);
			name = Products;
			sourceTree = "<group>";
		};
		9BCB70DB23749C1A002FFB51 /* Harmanpreet_C0765590_Note_p1 */ = {
			isa = PBXGroup;
			children = (
				9BCB70DC23749C1A002FFB51 /* AppDelegate.swift */,
				9BCB70DE23749C1A002FFB51 /* SceneDelegate.swift */,
				9BCB70E223749C1A002FFB51 /* Main.storyboard */,
				9BCB70E523749C1B002FFB51 /* Assets.xcassets */,
				9BCB70E723749C1B002FFB51 /* LaunchScreen.storyboard */,
				9BCB70EA23749C1B002FFB51 /* Info.plist */,
				9BCB70F02374A17F002FFB51 /* ViewController.swift */,
			);
			path = Harmanpreet_C0765590_Note_p1;
			sourceTree = "<group>";
		};
/* End PBXGroup section */

/* Begin PBXNativeTarget section */
		9BCB70D823749C1A002FFB51 /* Harmanpreet_C0765590_Note_p1 */ = {
			isa = PBXNativeTarget;
			buildConfigurationList = 9BCB70ED23749C1B002FFB51 /* Build configuration list for PBXNativeTarget "Harmanpreet_C0765590_Note_p1" */;
			buildPhases = (
				9BCB70D523749C1A002FFB51 /* Sources */,
				9BCB70D623749C1A002FFB51 /* Frameworks */,
				9BCB70D723749C1A002FFB51 /* Resources */,
			);
			buildRules = (
			);
			dependencies = (
			);
			name = Harmanpreet_C0765590_Note_p1;
			productName = Harmanpreet_C0765590_Note_p1;
			productReference = 9BCB70D923749C1A002FFB51 /* Harmanpreet_C0765590_Note_p1.app */;
			productType = "com.apple.product-type.application";
		};
/* End PBXNativeTarget section */

/* Begin PBXProject section */
		9BCB70D123749C1A002FFB51 /* Project object */ = {
			isa = PBXProject;
			attributes = {
				LastSwiftUpdateCheck = 1120;
				LastUpgradeCheck = 1120;
				ORGANIZATIONNAME = MacStudent;
				TargetAttributes = {
					9BCB70D823749C1A002FFB51 = {
						CreatedOnToolsVersion = 11.2;
					};
				};
			};
			buildConfigurationList = 9BCB70D423749C1A002FFB51 /* Build configuration list for PBXProject "Harmanpreet_C0765590_Note_p1" */;
			compatibilityVersion = "Xcode 9.3";
			developmentRegion = en;
			hasScannedForEncodings = 0;
			knownRegions = (
				en,
				Base,
			);
			mainGroup = 9BCB70D023749C1A002FFB51;
			productRefGroup = 9BCB70DA23749C1A002FFB51 /* Products */;
			projectDirPath = "";
			projectRoot = "";
			targets = (
				9BCB70D823749C1A002FFB51 /* Harmanpreet_C0765590_Note_p1 */,
			);
		};
/* End PBXProject section */

/* Begin PBXResourcesBuildPhase section */
		9BCB70D723749C1A002FFB51 /* Resources */ = {
			isa = PBXResourcesBuildPhase;
			buildActionMask = 2147483647;
			files = (
				9BCB70E923749C1B002FFB51 /* LaunchScreen.storyboard in Resources */,
				9BCB70E623749C1B002FFB51 /* Assets.xcassets in Resources */,
				9BCB70E423749C1A002FFB51 /* Main.storyboard in Resources */,
			);
			runOnlyForDeploymentPostprocessing = 0;
		};
/* End PBXResourcesBuildPhase section */

/* Begin PBXSourcesBuildPhase section */
		9BCB70D523749C1A002FFB51 /* Sources */ = {
			isa = PBXSourcesBuildPhase;
			buildActionMask = 2147483647;
			files = (
				9BCB70F12374A17F002FFB51 /* ViewController.swift in Sources */,
				9BCB70DD23749C1A002FFB51 /* AppDelegate.swift in Sources */,
				9BCB70DF23749C1A002FFB51 /* SceneDelegate.swift in Sources */,
			);
			runOnlyForDeploymentPostprocessing = 0;
		};
/* End PBXSourcesBuildPhase section */

/* Begin PBXVariantGroup section */
		9BCB70E223749C1A002FFB51 /* Main.storyboard */ = {
			isa = PBXVariantGroup;
			children = (
				9BCB70E323749C1A002FFB51 /* Base */,
			);
			name = Main.storyboard;
			sourceTree = "<group>";
		};
		9BCB70E723749C1B002FFB51 /* LaunchScreen.storyboard */ = {
			isa = PBXVariantGroup;
			children = (
				9BCB70E823749C1B002FFB51 /* Base */,
			);
			name = LaunchScreen.storyboard;
			sourceTree = "<group>";
		};
/* End PBXVariantGroup section */

/* Begin XCBuildConfiguration section */
		9BCB70EB23749C1B002FFB51 /* Debug */ = {
			isa = XCBuildConfiguration;
			buildSettings = {
				ALWAYS_SEARCH_USER_PATHS = NO;
				CLANG_ANALYZER_NONNULL = YES;
				CLANG_ANALYZER_NUMBER_OBJECT_CONVERSION = YES_AGGRESSIVE;
				CLANG_CXX_LANGUAGE_STANDARD = "gnu++14";
				CLANG_CXX_LIBRARY = "libc++";
				CLANG_ENABLE_MODULES = YES;
				CLANG_ENABLE_OBJC_ARC = YES;
				CLANG_ENABLE_OBJC_WEAK = YES;
				CLANG_WARN_BLOCK_CAPTURE_AUTORELEASING = YES;
				CLANG_WARN_BOOL_CONVERSION = YES;
				CLANG_WARN_COMMA = YES;
				CLANG_WARN_CONSTANT_CONVERSION = YES;
				CLANG_WARN_DEPRECATED_OBJC_IMPLEMENTATIONS = YES;
				CLANG_WARN_DIRECT_OBJC_ISA_USAGE = YES_ERROR;
				CLANG_WARN_DOCUMENTATION_COMMENTS = YES;
				CLANG_WARN_EMPTY_BODY = YES;
				CLANG_WARN_ENUM_CONVERSION = YES;
				CLANG_WARN_INFINITE_RECURSION = YES;
				CLANG_WARN_INT_CONVERSION = YES;
				CLANG_WARN_NON_LITERAL_NULL_CONVERSION = YES;
				CLANG_WARN_OBJC_IMPLICIT_RETAIN_SELF = YES;
				CLANG_WARN_OBJC_LITERAL_CONVERSION = YES;
				CLANG_WARN_OBJC_ROOT_CLASS = YES_ERROR;
				CLANG_WARN_RANGE_LOOP_ANALYSIS = YES;
				CLANG_WARN_STRICT_PROTOTYPES = YES;
				CLANG_WARN_SUSPICIOUS_MOVE = YES;
				CLANG_WARN_UNGUARDED_AVAILABILITY = YES_AGGRESSIVE;
				CLANG_WARN_UNREACHABLE_CODE = YES;
				CLANG_WARN__DUPLICATE_METHOD_MATCH = YES;
				COPY_PHASE_STRIP = NO;
				DEBUG_INFORMATION_FORMAT = dwarf;
				ENABLE_STRICT_OBJC_MSGSEND = YES;
				ENABLE_TESTABILITY = YES;
				GCC_C_LANGUAGE_STANDARD = gnu11;
				GCC_DYNAMIC_NO_PIC = NO;
				GCC_NO_COMMON_BLOCKS = YES;
				GCC_OPTIMIZATION_LEVEL = 0;
				GCC_PREPROCESSOR_DEFINITIONS = (
					"DEBUG=1",
					"$(inherited)",
				);
				GCC_WARN_64_TO_32_BIT_CONVERSION = YES;
				GCC_WARN_ABOUT_RETURN_TYPE = YES_ERROR;
				GCC_WARN_UNDECLARED_SELECTOR = YES;
				GCC_WARN_UNINITIALIZED_AUTOS = YES_AGGRESSIVE;
				GCC_WARN_UNUSED_FUNCTION = YES;
				GCC_WARN_UNUSED_VARIABLE = YES;
				IPHONEOS_DEPLOYMENT_TARGET = 13.2;
				MTL_ENABLE_DEBUG_INFO = INCLUDE_SOURCE;
				MTL_FAST_MATH = YES;
				ONLY_ACTIVE_ARCH = YES;
				SDKROOT = iphoneos;
				SWIFT_ACTIVE_COMPILATION_CONDITIONS = DEBUG;
				SWIFT_OPTIMIZATION_LEVEL = "-Onone";
			};
			name = Debug;
		};
		9BCB70EC23749C1B002FFB51 /* Release */ = {
			isa = XCBuildConfiguration;
			buildSettings = {
				ALWAYS_SEARCH_USER_PATHS = NO;
				CLANG_ANALYZER_NONNULL = YES;
				CLANG_ANALYZER_NUMBER_OBJECT_CONVERSION = YES_AGGRESSIVE;
				CLANG_CXX_LANGUAGE_STANDARD = "gnu++14";
				CLANG_CXX_LIBRARY = "libc++";
				CLANG_ENABLE_MODULES = YES;
				CLANG_ENABLE_OBJC_ARC = YES;
				CLANG_ENABLE_OBJC_WEAK = YES;
				CLANG_WARN_BLOCK_CAPTURE_AUTORELEASING = YES;
				CLANG_WARN_BOOL_CONVERSION = YES;
				CLANG_WARN_COMMA = YES;
				CLANG_WARN_CONSTANT_CONVERSION = YES;
				CLANG_WARN_DEPRECATED_OBJC_IMPLEMENTATIONS = YES;
				CLANG_WARN_DIRECT_OBJC_ISA_USAGE = YES_ERROR;
				CLANG_WARN_DOCUMENTATION_COMMENTS = YES;
				CLANG_WARN_EMPTY_BODY = YES;
				CLANG_WARN_ENUM_CONVERSION = YES;
				CLANG_WARN_INFINITE_RECURSION = YES;
				CLANG_WARN_INT_CONVERSION = YES;
				CLANG_WARN_NON_LITERAL_NULL_CONVERSION = YES;
				CLANG_WARN_OBJC_IMPLICIT_RETAIN_SELF = YES;
				CLANG_WARN_OBJC_LITERAL_CONVERSION = YES;
				CLANG_WARN_OBJC_ROOT_CLASS = YES_ERROR;
				CLANG_WARN_RANGE_LOOP_ANALYSIS = YES;
				CLANG_WARN_STRICT_PROTOTYPES = YES;
				CLANG_WARN_SUSPICIOUS_MOVE = YES;
				CLANG_WARN_UNGUARDED_AVAILABILITY = YES_AGGRESSIVE;
				CLANG_WARN_UNREACHABLE_CODE = YES;
				CLANG_WARN__DUPLICATE_METHOD_MATCH = YES;
				COPY_PHASE_STRIP = NO;
				DEBUG_INFORMATION_FORMAT = "dwarf-with-dsym";
				ENABLE_NS_ASSERTIONS = NO;
				ENABLE_STRICT_OBJC_MSGSEND = YES;
				GCC_C_LANGUAGE_STANDARD = gnu11;
				GCC_NO_COMMON_BLOCKS = YES;
				GCC_WARN_64_TO_32_BIT_CONVERSION = YES;
				GCC_WARN_ABOUT_RETURN_TYPE = YES_ERROR;
				GCC_WARN_UNDECLARED_SELECTOR = YES;
				GCC_WARN_UNINITIALIZED_AUTOS = YES_AGGRESSIVE;
				GCC_WARN_UNUSED_FUNCTION = YES;
				GCC_WARN_UNUSED_VARIABLE = YES;
				IPHONEOS_DEPLOYMENT_TARGET = 13.2;
				MTL_ENABLE_DEBUG_INFO = NO;
				MTL_FAST_MATH = YES;
				SDKROOT = iphoneos;
				SWIFT_COMPILATION_MODE = wholemodule;
				SWIFT_OPTIMIZATION_LEVEL = "-O";
				VALIDATE_PRODUCT = YES;
			};
			name = Release;
		};
		9BCB70EE23749C1B002FFB51 /* Debug */ = {
			isa = XCBuildConfiguration;
			buildSettings = {
				ASSETCATALOG_COMPILER_APPICON_NAME = AppIcon;
				CODE_SIGN_STYLE = Automatic;
				INFOPLIST_FILE = Harmanpreet_C0765590_Note_p1/Info.plist;
				LD_RUNPATH_SEARCH_PATHS = (
					"$(inherited)",
					"@executable_path/Frameworks",
				);
				PRODUCT_BUNDLE_IDENTIFIER = "CestarCollege.Harmanpreet-C0765590-Note-p1";
				PRODUCT_NAME = "$(TARGET_NAME)";
				SWIFT_VERSION = 5.0;
				TARGETED_DEVICE_FAMILY = "1,2";
			};
			name = Debug;
		};
		9BCB70EF23749C1B002FFB51 /* Release */ = {
			isa = XCBuildConfiguration;
			buildSettings = {
				ASSETCATALOG_COMPILER_APPICON_NAME = AppIcon;
				CODE_SIGN_STYLE = Automatic;
				INFOPLIST_FILE = Harmanpreet_C0765590_Note_p1/Info.plist;
				LD_RUNPATH_SEARCH_PATHS = (
					"$(inherited)",
					"@executable_path/Frameworks",
				);
				PRODUCT_BUNDLE_IDENTIFIER = "CestarCollege.Harmanpreet-C0765590-Note-p1";
				PRODUCT_NAME = "$(TARGET_NAME)";
				SWIFT_VERSION = 5.0;
				TARGETED_DEVICE_FAMILY = "1,2";
			};
			name = Release;
		};
/* End XCBuildConfiguration section */

/* Begin XCConfigurationList section */
		9BCB70D423749C1A002FFB51 /* Build configuration list for PBXProject "Harmanpreet_C0765590_Note_p1" */ = {
			isa = XCConfigurationList;
			buildConfigurations = (
				9BCB70EB23749C1B002FFB51 /* Debug */,
				9BCB70EC23749C1B002FFB51 /* Release */,
			);
			defaultConfigurationIsVisible = 0;
			defaultConfigurationName = Release;
		};
		9BCB70ED23749C1B002FFB51 /* Build configuration list for PBXNativeTarget "Harmanpreet_C0765590_Note_p1" */ = {
			isa = XCConfigurationList;
			buildConfigurations = (
				9BCB70EE23749C1B002FFB51 /* Debug */,
				9BCB70EF23749C1B002FFB51 /* Release */,
			);
			defaultConfigurationIsVisible = 0;
			defaultConfigurationName = Release;
		};
/* End XCConfigurationList section */
	};
	rootObject = 9BCB70D123749C1A002FFB51 /* Project object */;
}
